
Microsoft Visual Studio Solution File, Format Version 12.00
# Visual Studio 14
VisualStudioVersion = 14.0.25123.0
MinimumVisualStudioVersion = 10.0.40219.1
Project("{FAE04EC0-301F-11D3-BF4B-00C04F79EFBC}") = "Carlister", "Carlister\Carlister.csproj", "{906115EC-6CE8-44FE-B71E-F2DC9289B438}"
EndProject
Project("{FAE04EC0-301F-11D3-BF4B-00C04F79EFBC}") = "Carlister.Tests", "Carlister.Tests\Carlister.Tests.csproj", "{89443A5F-59D0-4DAF-AFE3-1D934DEA6C23}"
EndProject
Global
	GlobalSection(SolutionConfigurationPlatforms) = preSolution
		Debug|Any CPU = Debug|Any CPU
		Release|Any CPU = Release|Any CPU
	EndGlobalSection
	GlobalSection(ProjectConfigurationPlatforms) = postSolution
		{906115EC-6CE8-44FE-B71E-F2DC9289B438}.Debug|Any CPU.ActiveCfg = Debug|Any CPU
		{906115EC-6CE8-44FE-B71E-F2DC9289B438}.Debug|Any CPU.Build.0 = Debug|Any CPU
		{906115EC-6CE8-44FE-B71E-F2DC9289B438}.Release|Any CPU.ActiveCfg = Release|Any CPU
		{906115EC-6CE8-44FE-B71E-F2DC9289B438}.Release|Any CPU.Build.0 = Release|Any CPU
		{89443A5F-59D0-4DAF-AFE3-1D934DEA6C23}.Debug|Any CPU.ActiveCfg = Debug|Any CPU
		{89443A5F-59D0-4DAF-AFE3-1D934DEA6C23}.Debug|Any CPU.Build.0 = Debug|Any CPU
		{89443A5F-59D0-4DAF-AFE3-1D934DEA6C23}.Release|Any CPU.ActiveCfg = Release|Any CPU
		{89443A5F-59D0-4DAF-AFE3-1D934DEA6C23}.Release|Any CPU.Build.0 = Release|Any CPU
	EndGlobalSection
	GlobalSection(SolutionProperties) = preSolution
		HideSolutionNode = FALSE
	EndGlobalSection
EndGlobal
